
Microsoft Visual Studio Solution File, Format Version 12.00
# Visual Studio 2013
VisualStudioVersion = 12.0.31101.0
MinimumVisualStudioVersion = 10.0.40219.1
Project("{FAE04EC0-301F-11D3-BF4B-00C04F79EFBC}") = "1", "Midterm exam VladMun\1.csproj", "{89A0263C-5062-4E6D-904F-3C1D156EB12B}"
EndProject
Project("{FAE04EC0-301F-11D3-BF4B-00C04F79EFBC}") = "2", "2\2.csproj", "{9BC9DA8D-9795-41C6-AC7C-B7A43CF2F29D}"
EndProject
Project("{FAE04EC0-301F-11D3-BF4B-00C04F79EFBC}") = "3", "3\3.csproj", "{DCDE5645-BF9B-41E0-9C47-2B6FF39CD8A2}"
EndProject
Global
	GlobalSection(SolutionConfigurationPlatforms) = preSolution
		Debug|Any CPU = Debug|Any CPU
		Release|Any CPU = Release|Any CPU
	EndGlobalSection
	GlobalSection(ProjectConfigurationPlatforms) = postSolution
		{89A0263C-5062-4E6D-904F-3C1D156EB12B}.Debug|Any CPU.ActiveCfg = Debug|Any CPU
		{89A0263C-5062-4E6D-904F-3C1D156EB12B}.Debug|Any CPU.Build.0 = Debug|Any CPU
		{89A0263C-5062-4E6D-904F-3C1D156EB12B}.Release|Any CPU.ActiveCfg = Release|Any CPU
		{89A0263C-5062-4E6D-904F-3C1D156EB12B}.Release|Any CPU.Build.0 = Release|Any CPU
		{9BC9DA8D-9795-41C6-AC7C-B7A43CF2F29D}.Debug|Any CPU.ActiveCfg = Debug|Any CPU
		{9BC9DA8D-9795-41C6-AC7C-B7A43CF2F29D}.Debug|Any CPU.Build.0 = Debug|Any CPU
		{9BC9DA8D-9795-41C6-AC7C-B7A43CF2F29D}.Release|Any CPU.ActiveCfg = Release|Any CPU
		{9BC9DA8D-9795-41C6-AC7C-B7A43CF2F29D}.Release|Any CPU.Build.0 = Release|Any CPU
		{DCDE5645-BF9B-41E0-9C47-2B6FF39CD8A2}.Debug|Any CPU.ActiveCfg = Debug|Any CPU
		{DCDE5645-BF9B-41E0-9C47-2B6FF39CD8A2}.Debug|Any CPU.Build.0 = Debug|Any CPU
		{DCDE5645-BF9B-41E0-9C47-2B6FF39CD8A2}.Release|Any CPU.ActiveCfg = Release|Any CPU
		{DCDE5645-BF9B-41E0-9C47-2B6FF39CD8A2}.Release|Any CPU.Build.0 = Release|Any CPU
	EndGlobalSection
	GlobalSection(SolutionProperties) = preSolution
		HideSolutionNode = FALSE
	EndGlobalSection
EndGlobal
